// !$*UTF8*$!
{
	archiveVersion = 1;
	classes = {
	};
	objectVersion = 56;
	objects = {

/* Begin PBXBuildFile section */
		9721A06F2944995F00D7211B /* AppDelegate.swift in Sources */ = {isa = PBXBuildFile; fileRef = 9721A06E2944995F00D7211B /* AppDelegate.swift */; };
		9721A0712944995F00D7211B /* SceneDelegate.swift in Sources */ = {isa = PBXBuildFile; fileRef = 9721A0702944995F00D7211B /* SceneDelegate.swift */; };
		9721A0732944995F00D7211B /* ViewController.swift in Sources */ = {isa = PBXBuildFile; fileRef = 9721A0722944995F00D7211B /* ViewController.swift */; };
		9721A0762944995F00D7211B /* Main.storyboard in Resources */ = {isa = PBXBuildFile; fileRef = 9721A0742944995F00D7211B /* Main.storyboard */; };
		9721A0782944996000D7211B /* Assets.xcassets in Resources */ = {isa = PBXBuildFile; fileRef = 9721A0772944996000D7211B /* Assets.xcassets */; };
		9721A07B2944996000D7211B /* LaunchScreen.storyboard in Resources */ = {isa = PBXBuildFile; fileRef = 9721A0792944996000D7211B /* LaunchScreen.storyboard */; };
		9767EE49295D15DB00E414CB /* syougatsu2_omijikuji2.png in Resources */ = {isa = PBXBuildFile; fileRef = 9767EE48295D15DB00E414CB /* syougatsu2_omijikuji2.png */; };
		9767EE4B295D169500E414CB /* a_fortune_slip_top.swift in Sources */ = {isa = PBXBuildFile; fileRef = 9767EE4A295D169500E414CB /* a_fortune_slip_top.swift */; };
		9767EE4D295D1A8A00E414CB /* omikuji_result.swift in Sources */ = {isa = PBXBuildFile; fileRef = 9767EE4C295D1A8A00E414CB /* omikuji_result.swift */; };
		9779E114294575FF00671973 /* birthday_see.swift in Sources */ = {isa = PBXBuildFile; fileRef = 9779E113294575FF00671973 /* birthday_see.swift */; };
		9779E11629458F5A00671973 /* birthday_increase.swift in Sources */ = {isa = PBXBuildFile; fileRef = 9779E11529458F5A00671973 /* birthday_increase.swift */; };
		9779E11A2945A1DC00671973 /* birthday_increase_confirmation.swift in Sources */ = {isa = PBXBuildFile; fileRef = 9779E1192945A1DC00671973 /* birthday_increase_confirmation.swift */; };
		97F2AD7C2957CC22002A7C14 /* happy_birthday_detail.swift in Sources */ = {isa = PBXBuildFile; fileRef = 97F2AD7B2957CC22002A7C14 /* happy_birthday_detail.swift */; };
/* End PBXBuildFile section */

/* Begin PBXFileReference section */
		9721A06B2944995F00D7211B /* happy birthday.app */ = {isa = PBXFileReference; explicitFileType = wrapper.application; includeInIndex = 0; path = "happy birthday.app"; sourceTree = BUILT_PRODUCTS_DIR; };
		9721A06E2944995F00D7211B /* AppDelegate.swift */ = {isa = PBXFileReference; lastKnownFileType = sourcecode.swift; path = AppDelegate.swift; sourceTree = "<group>"; };
		9721A0702944995F00D7211B /* SceneDelegate.swift */ = {isa = PBXFileReference; lastKnownFileType = sourcecode.swift; path = SceneDelegate.swift; sourceTree = "<group>"; };
		9721A0722944995F00D7211B /* ViewController.swift */ = {isa = PBXFileReference; lastKnownFileType = sourcecode.swift; path = ViewController.swift; sourceTree = "<group>"; };
		9721A0752944995F00D7211B /* Base */ = {isa = PBXFileReference; lastKnownFileType = file.storyboard; name = Base; path = Base.lproj/Main.storyboard; sourceTree = "<group>"; };
		9721A0772944996000D7211B /* Assets.xcassets */ = {isa = PBXFileReference; lastKnownFileType = folder.assetcatalog; path = Assets.xcassets; sourceTree = "<group>"; };
		9721A07A2944996000D7211B /* Base */ = {isa = PBXFileReference; lastKnownFileType = file.storyboard; name = Base; path = Base.lproj/LaunchScreen.storyboard; sourceTree = "<group>"; };
		9721A07C2944996000D7211B /* Info.plist */ = {isa = PBXFileReference; lastKnownFileType = text.plist.xml; path = Info.plist; sourceTree = "<group>"; };
		9767EE48295D15DB00E414CB /* syougatsu2_omijikuji2.png */ = {isa = PBXFileReference; lastKnownFileType = image.png; path = syougatsu2_omijikuji2.png; sourceTree = SOURCE_ROOT; };
		9767EE4A295D169500E414CB /* a_fortune_slip_top.swift */ = {isa = PBXFileReference; lastKnownFileType = sourcecode.swift; path = a_fortune_slip_top.swift; sourceTree = "<group>"; };
		9767EE4C295D1A8A00E414CB /* omikuji_result.swift */ = {isa = PBXFileReference; lastKnownFileType = sourcecode.swift; path = omikuji_result.swift; sourceTree = "<group>"; };
		9779E113294575FF00671973 /* birthday_see.swift */ = {isa = PBXFileReference; lastKnownFileType = sourcecode.swift; path = birthday_see.swift; sourceTree = "<group>"; };
		9779E11529458F5A00671973 /* birthday_increase.swift */ = {isa = PBXFileReference; lastKnownFileType = sourcecode.swift; path = birthday_increase.swift; sourceTree = "<group>"; };
		9779E1192945A1DC00671973 /* birthday_increase_confirmation.swift */ = {isa = PBXFileReference; lastKnownFileType = sourcecode.swift; path = birthday_increase_confirmation.swift; sourceTree = "<group>"; };
		97F2AD7B2957CC22002A7C14 /* happy_birthday_detail.swift */ = {isa = PBXFileReference; lastKnownFileType = sourcecode.swift; path = happy_birthday_detail.swift; sourceTree = "<group>"; };
/* End PBXFileReference section */

/* Begin PBXFrameworksBuildPhase section */
		9721A0682944995F00D7211B /* Frameworks */ = {
			isa = PBXFrameworksBuildPhase;
			buildActionMask = 2147483647;
			files = (
			);
			runOnlyForDeploymentPostprocessing = 0;
		};
/* End PBXFrameworksBuildPhase section */

/* Begin PBXGroup section */
		9721A0622944995F00D7211B = {
			isa = PBXGroup;
			children = (
				9721A06D2944995F00D7211B /* happy birthday */,
				9721A06C2944995F00D7211B /* Products */,
			);
			sourceTree = "<group>";
		};
		9721A06C2944995F00D7211B /* Products */ = {
			isa = PBXGroup;
			children = (
				9721A06B2944995F00D7211B /* happy birthday.app */,
			);
			name = Products;
			sourceTree = "<group>";
		};
		9721A06D2944995F00D7211B /* happy birthday */ = {
			isa = PBXGroup;
			children = (
				9721A06E2944995F00D7211B /* AppDelegate.swift */,
				9767EE4A295D169500E414CB /* a_fortune_slip_top.swift */,
				9767EE4C295D1A8A00E414CB /* omikuji_result.swift */,
				9721A0702944995F00D7211B /* SceneDelegate.swift */,
				9721A0722944995F00D7211B /* ViewController.swift */,
				9779E113294575FF00671973 /* birthday_see.swift */,
				97F2AD7B2957CC22002A7C14 /* happy_birthday_detail.swift */,
				9779E11529458F5A00671973 /* birthday_increase.swift */,
				9779E1192945A1DC00671973 /* birthday_increase_confirmation.swift */,
				9721A0742944995F00D7211B /* Main.storyboard */,
				9721A0772944996000D7211B /* Assets.xcassets */,
				9721A0792944996000D7211B /* LaunchScreen.storyboard */,
				9721A07C2944996000D7211B /* Info.plist */,
				9767EE48295D15DB00E414CB /* syougatsu2_omijikuji2.png */,
			);
			path = "happy birthday";
			sourceTree = "<group>";
		};
/* End PBXGroup section */

/* Begin PBXNativeTarget section */
		9721A06A2944995F00D7211B /* happy birthday */ = {
			isa = PBXNativeTarget;
			buildConfigurationList = 9721A07F2944996000D7211B /* Build configuration list for PBXNativeTarget "happy birthday" */;
			buildPhases = (
				9721A0672944995F00D7211B /* Sources */,
				9721A0682944995F00D7211B /* Frameworks */,
				9721A0692944995F00D7211B /* Resources */,
			);
			buildRules = (
			);
			dependencies = (
			);
			name = "happy birthday";
			productName = "happy birthday";
			productReference = 9721A06B2944995F00D7211B /* happy birthday.app */;
			productType = "com.apple.product-type.application";
		};
/* End PBXNativeTarget section */

/* Begin PBXProject section */
		9721A0632944995F00D7211B /* Project object */ = {
			isa = PBXProject;
			attributes = {
				BuildIndependentTargetsInParallel = 1;
				LastSwiftUpdateCheck = 1410;
				LastUpgradeCheck = 1410;
				TargetAttributes = {
					9721A06A2944995F00D7211B = {
						CreatedOnToolsVersion = 14.1;
					};
				};
			};
			buildConfigurationList = 9721A0662944995F00D7211B /* Build configuration list for PBXProject "happy birthday" */;
			compatibilityVersion = "Xcode 14.0";
			developmentRegion = en;
			hasScannedForEncodings = 0;
			knownRegions = (
				en,
				Base,
			);
			mainGroup = 9721A0622944995F00D7211B;
			productRefGroup = 9721A06C2944995F00D7211B /* Products */;
			projectDirPath = "";
			projectRoot = "";
			targets = (
				9721A06A2944995F00D7211B /* happy birthday */,
			);
		};
/* End PBXProject section */

/* Begin PBXResourcesBuildPhase section */
		9721A0692944995F00D7211B /* Resources */ = {
			isa = PBXResourcesBuildPhase;
			buildActionMask = 2147483647;
			files = (
				9721A07B2944996000D7211B /* LaunchScreen.storyboard in Resources */,
				9721A0782944996000D7211B /* Assets.xcassets in Resources */,
				9767EE49295D15DB00E414CB /* syougatsu2_omijikuji2.png in Resources */,
				9721A0762944995F00D7211B /* Main.storyboard in Resources */,
			);
			runOnlyForDeploymentPostprocessing = 0;
		};
/* End PBXResourcesBuildPhase section */

/* Begin PBXSourcesBuildPhase section */
		9721A0672944995F00D7211B /* Sources */ = {
			isa = PBXSourcesBuildPhase;
			buildActionMask = 2147483647;
			files = (
				9779E114294575FF00671973 /* birthday_see.swift in Sources */,
				9779E11A2945A1DC00671973 /* birthday_increase_confirmation.swift in Sources */,
				9779E11629458F5A00671973 /* birthday_increase.swift in Sources */,
				97F2AD7C2957CC22002A7C14 /* happy_birthday_detail.swift in Sources */,
				9721A0732944995F00D7211B /* ViewController.swift in Sources */,
				9721A06F2944995F00D7211B /* AppDelegate.swift in Sources */,
				9767EE4D295D1A8A00E414CB /* omikuji_result.swift in Sources */,
				9721A0712944995F00D7211B /* SceneDelegate.swift in Sources */,
				9767EE4B295D169500E414CB /* a_fortune_slip_top.swift in Sources */,
			);
			runOnlyForDeploymentPostprocessing = 0;
		};
/* End PBXSourcesBuildPhase section */

/* Begin PBXVariantGroup section */
		9721A0742944995F00D7211B /* Main.storyboard */ = {
			isa = PBXVariantGroup;
			children = (
				9721A0752944995F00D7211B /* Base */,
			);
			name = Main.storyboard;
			sourceTree = "<group>";
		};
		9721A0792944996000D7211B /* LaunchScreen.storyboard */ = {
			isa = PBXVariantGroup;
			children = (
				9721A07A2944996000D7211B /* Base */,
			);
			name = LaunchScreen.storyboard;
			sourceTree = "<group>";
		};
/* End PBXVariantGroup section */

/* Begin XCBuildConfiguration section */
		9721A07D2944996000D7211B /* Debug */ = {
			isa = XCBuildConfiguration;
			buildSettings = {
				ALWAYS_SEARCH_USER_PATHS = NO;
				CLANG_ANALYZER_NONNULL = YES;
				CLANG_ANALYZER_NUMBER_OBJECT_CONVERSION = YES_AGGRESSIVE;
				CLANG_CXX_LANGUAGE_STANDARD = "gnu++20";
				CLANG_ENABLE_MODULES = YES;
				CLANG_ENABLE_OBJC_ARC = YES;
				CLANG_ENABLE_OBJC_WEAK = YES;
				CLANG_WARN_BLOCK_CAPTURE_AUTORELEASING = YES;
				CLANG_WARN_BOOL_CONVERSION = YES;
				CLANG_WARN_COMMA = YES;
				CLANG_WARN_CONSTANT_CONVERSION = YES;
				CLANG_WARN_DEPRECATED_OBJC_IMPLEMENTATIONS = YES;
				CLANG_WARN_DIRECT_OBJC_ISA_USAGE = YES_ERROR;
				CLANG_WARN_DOCUMENTATION_COMMENTS = YES;
				CLANG_WARN_EMPTY_BODY = YES;
				CLANG_WARN_ENUM_CONVERSION = YES;
				CLANG_WARN_INFINITE_RECURSION = YES;
				CLANG_WARN_INT_CONVERSION = YES;
				CLANG_WARN_NON_LITERAL_NULL_CONVERSION = YES;
				CLANG_WARN_OBJC_IMPLICIT_RETAIN_SELF = YES;
				CLANG_WARN_OBJC_LITERAL_CONVERSION = YES;
				CLANG_WARN_OBJC_ROOT_CLASS = YES_ERROR;
				CLANG_WARN_QUOTED_INCLUDE_IN_FRAMEWORK_HEADER = YES;
				CLANG_WARN_RANGE_LOOP_ANALYSIS = YES;
				CLANG_WARN_STRICT_PROTOTYPES = YES;
				CLANG_WARN_SUSPICIOUS_MOVE = YES;
				CLANG_WARN_UNGUARDED_AVAILABILITY = YES_AGGRESSIVE;
				CLANG_WARN_UNREACHABLE_CODE = YES;
				CLANG_WARN__DUPLICATE_METHOD_MATCH = YES;
				COPY_PHASE_STRIP = NO;
				DEBUG_INFORMATION_FORMAT = dwarf;
				ENABLE_STRICT_OBJC_MSGSEND = YES;
				ENABLE_TESTABILITY = YES;
				GCC_C_LANGUAGE_STANDARD = gnu11;
				GCC_DYNAMIC_NO_PIC = NO;
				GCC_NO_COMMON_BLOCKS = YES;
				GCC_OPTIMIZATION_LEVEL = 0;
				GCC_PREPROCESSOR_DEFINITIONS = (
					"DEBUG=1",
					"$(inherited)",
				);
				GCC_WARN_64_TO_32_BIT_CONVERSION = YES;
				GCC_WARN_ABOUT_RETURN_TYPE = YES_ERROR;
				GCC_WARN_UNDECLARED_SELECTOR = YES;
				GCC_WARN_UNINITIALIZED_AUTOS = YES_AGGRESSIVE;
				GCC_WARN_UNUSED_FUNCTION = YES;
				GCC_WARN_UNUSED_VARIABLE = YES;
				IPHONEOS_DEPLOYMENT_TARGET = 16.1;
				MTL_ENABLE_DEBUG_INFO = INCLUDE_SOURCE;
				MTL_FAST_MATH = YES;
				ONLY_ACTIVE_ARCH = YES;
				SDKROOT = iphoneos;
				SWIFT_ACTIVE_COMPILATION_CONDITIONS = DEBUG;
				SWIFT_OPTIMIZATION_LEVEL = "-Onone";
			};
			name = Debug;
		};
		9721A07E2944996000D7211B /* Release */ = {
			isa = XCBuildConfiguration;
			buildSettings = {
				ALWAYS_SEARCH_USER_PATHS = NO;
				CLANG_ANALYZER_NONNULL = YES;
				CLANG_ANALYZER_NUMBER_OBJECT_CONVERSION = YES_AGGRESSIVE;
				CLANG_CXX_LANGUAGE_STANDARD = "gnu++20";
				CLANG_ENABLE_MODULES = YES;
				CLANG_ENABLE_OBJC_ARC = YES;
				CLANG_ENABLE_OBJC_WEAK = YES;
				CLANG_WARN_BLOCK_CAPTURE_AUTORELEASING = YES;
				CLANG_WARN_BOOL_CONVERSION = YES;
				CLANG_WARN_COMMA = YES;
				CLANG_WARN_CONSTANT_CONVERSION = YES;
				CLANG_WARN_DEPRECATED_OBJC_IMPLEMENTATIONS = YES;
				CLANG_WARN_DIRECT_OBJC_ISA_USAGE = YES_ERROR;
				CLANG_WARN_DOCUMENTATION_COMMENTS = YES;
				CLANG_WARN_EMPTY_BODY = YES;
				CLANG_WARN_ENUM_CONVERSION = YES;
				CLANG_WARN_INFINITE_RECURSION = YES;
				CLANG_WARN_INT_CONVERSION = YES;
				CLANG_WARN_NON_LITERAL_NULL_CONVERSION = YES;
				CLANG_WARN_OBJC_IMPLICIT_RETAIN_SELF = YES;
				CLANG_WARN_OBJC_LITERAL_CONVERSION = YES;
				CLANG_WARN_OBJC_ROOT_CLASS = YES_ERROR;
				CLANG_WARN_QUOTED_INCLUDE_IN_FRAMEWORK_HEADER = YES;
				CLANG_WARN_RANGE_LOOP_ANALYSIS = YES;
				CLANG_WARN_STRICT_PROTOTYPES = YES;
				CLANG_WARN_SUSPICIOUS_MOVE = YES;
				CLANG_WARN_UNGUARDED_AVAILABILITY = YES_AGGRESSIVE;
				CLANG_WARN_UNREACHABLE_CODE = YES;
				CLANG_WARN__DUPLICATE_METHOD_MATCH = YES;
				COPY_PHASE_STRIP = NO;
				DEBUG_INFORMATION_FORMAT = "dwarf-with-dsym";
				ENABLE_NS_ASSERTIONS = NO;
				ENABLE_STRICT_OBJC_MSGSEND = YES;
				GCC_C_LANGUAGE_STANDARD = gnu11;
				GCC_NO_COMMON_BLOCKS = YES;
				GCC_WARN_64_TO_32_BIT_CONVERSION = YES;
				GCC_WARN_ABOUT_RETURN_TYPE = YES_ERROR;
				GCC_WARN_UNDECLARED_SELECTOR = YES;
				GCC_WARN_UNINITIALIZED_AUTOS = YES_AGGRESSIVE;
				GCC_WARN_UNUSED_FUNCTION = YES;
				GCC_WARN_UNUSED_VARIABLE = YES;
				IPHONEOS_DEPLOYMENT_TARGET = 16.1;
				MTL_ENABLE_DEBUG_INFO = NO;
				MTL_FAST_MATH = YES;
				SDKROOT = iphoneos;
				SWIFT_COMPILATION_MODE = wholemodule;
				SWIFT_OPTIMIZATION_LEVEL = "-O";
				VALIDATE_PRODUCT = YES;
			};
			name = Release;
		};
		9721A0802944996000D7211B /* Debug */ = {
			isa = XCBuildConfiguration;
			buildSettings = {
				ASSETCATALOG_COMPILER_APPICON_NAME = AppIcon;
				ASSETCATALOG_COMPILER_GLOBAL_ACCENT_COLOR_NAME = AccentColor;
				CODE_SIGN_STYLE = Automatic;
				CURRENT_PROJECT_VERSION = 1;
				DEVELOPMENT_TEAM = 87KC957S8D;
				GENERATE_INFOPLIST_FILE = YES;
				INFOPLIST_FILE = "happy birthday/Info.plist";
				INFOPLIST_KEY_UIApplicationSupportsIndirectInputEvents = YES;
				INFOPLIST_KEY_UILaunchStoryboardName = LaunchScreen;
				INFOPLIST_KEY_UIMainStoryboardFile = Main;
				INFOPLIST_KEY_UISupportedInterfaceOrientations_iPad = "UIInterfaceOrientationPortrait UIInterfaceOrientationPortraitUpsideDown UIInterfaceOrientationLandscapeLeft UIInterfaceOrientationLandscapeRight";
				INFOPLIST_KEY_UISupportedInterfaceOrientations_iPhone = "UIInterfaceOrientationPortrait UIInterfaceOrientationLandscapeLeft UIInterfaceOrientationLandscapeRight";
				IPHONEOS_DEPLOYMENT_TARGET = 16.2;
				LD_RUNPATH_SEARCH_PATHS = (
					"$(inherited)",
					"@executable_path/Frameworks",
				);
				MARKETING_VERSION = 1.0;
				PRODUCT_BUNDLE_IDENTIFIER = "kaito.happy-birthday";
				PRODUCT_NAME = "$(TARGET_NAME)";
				SWIFT_EMIT_LOC_STRINGS = YES;
				SWIFT_VERSION = 5.0;
				TARGETED_DEVICE_FAMILY = "1,2";
			};
			name = Debug;
		};
		9721A0812944996000D7211B /* Release */ = {
			isa = XCBuildConfiguration;
			buildSettings = {
				ASSETCATALOG_COMPILER_APPICON_NAME = AppIcon;
				ASSETCATALOG_COMPILER_GLOBAL_ACCENT_COLOR_NAME = AccentColor;
				CODE_SIGN_STYLE = Automatic;
				CURRENT_PROJECT_VERSION = 1;
				DEVELOPMENT_TEAM = 87KC957S8D;
				GENERATE_INFOPLIST_FILE = YES;
				INFOPLIST_FILE = "happy birthday/Info.plist";
				INFOPLIST_KEY_UIApplicationSupportsIndirectInputEvents = YES;
				INFOPLIST_KEY_UILaunchStoryboardName = LaunchScreen;
				INFOPLIST_KEY_UIMainStoryboardFile = Main;
				INFOPLIST_KEY_UISupportedInterfaceOrientations_iPad = "UIInterfaceOrientationPortrait UIInterfaceOrientationPortraitUpsideDown UIInterfaceOrientationLandscapeLeft UIInterfaceOrientationLandscapeRight";
				INFOPLIST_KEY_UISupportedInterfaceOrientations_iPhone = "UIInterfaceOrientationPortrait UIInterfaceOrientationLandscapeLeft UIInterfaceOrientationLandscapeRight";
				IPHONEOS_DEPLOYMENT_TARGET = 16.2;
				LD_RUNPATH_SEARCH_PATHS = (
					"$(inherited)",
					"@executable_path/Frameworks",
				);
				MARKETING_VERSION = 1.0;
				PRODUCT_BUNDLE_IDENTIFIER = "kaito.happy-birthday";
				PRODUCT_NAME = "$(TARGET_NAME)";
				SWIFT_EMIT_LOC_STRINGS = YES;
				SWIFT_VERSION = 5.0;
				TARGETED_DEVICE_FAMILY = "1,2";
			};
			name = Release;
		};
/* End XCBuildConfiguration section */

/* Begin XCConfigurationList section */
		9721A0662944995F00D7211B /* Build configuration list for PBXProject "happy birthday" */ = {
			isa = XCConfigurationList;
			buildConfigurations = (
				9721A07D2944996000D7211B /* Debug */,
				9721A07E2944996000D7211B /* Release */,
			);
			defaultConfigurationIsVisible = 0;
			defaultConfigurationName = Release;
		};
		9721A07F2944996000D7211B /* Build configuration list for PBXNativeTarget "happy birthday" */ = {
			isa = XCConfigurationList;
			buildConfigurations = (
				9721A0802944996000D7211B /* Debug */,
				9721A0812944996000D7211B /* Release */,
			);
			defaultConfigurationIsVisible = 0;
			defaultConfigurationName = Release;
		};
/* End XCConfigurationList section */
	};
	rootObject = 9721A0632944995F00D7211B /* Project object */;
}
